
Microsoft Visual Studio Solution File, Format Version 12.00
# Visual Studio Version 16
VisualStudioVersion = 16.0.28803.202
MinimumVisualStudioVersion = 10.0.40219.1
Project("{FAE04EC0-301F-11D3-BF4B-00C04F79EFBC}") = "Main_Page", "Main_Page\Main_Page.csproj", "{902ED382-5E7E-43AA-8699-1502AF2F1A91}"
EndProject
Project("{9A19103F-16F7-4668-BE54-9A1E7A4F7556}") = "DataAccessLibrary", "DataAccessLibrary\DataAccessLibrary.csproj", "{45705AB0-40A7-43D0-B152-E1B9FBF11B47}"
EndProject
Global
	GlobalSection(SolutionConfigurationPlatforms) = preSolution
		Debug|Any CPU = Debug|Any CPU
		Debug|ARM = Debug|ARM
		Debug|ARM64 = Debug|ARM64
		Debug|x64 = Debug|x64
		Debug|x86 = Debug|x86
		Release|Any CPU = Release|Any CPU
		Release|ARM = Release|ARM
		Release|ARM64 = Release|ARM64
		Release|x64 = Release|x64
		Release|x86 = Release|x86
	EndGlobalSection
	GlobalSection(ProjectConfigurationPlatforms) = postSolution
		{902ED382-5E7E-43AA-8699-1502AF2F1A91}.Debug|Any CPU.ActiveCfg = Debug|x86
		{902ED382-5E7E-43AA-8699-1502AF2F1A91}.Debug|ARM.ActiveCfg = Debug|ARM
		{902ED382-5E7E-43AA-8699-1502AF2F1A91}.Debug|ARM.Build.0 = Debug|ARM
		{902ED382-5E7E-43AA-8699-1502AF2F1A91}.Debug|ARM.Deploy.0 = Debug|ARM
		{902ED382-5E7E-43AA-8699-1502AF2F1A91}.Debug|ARM64.ActiveCfg = Debug|ARM64
		{902ED382-5E7E-43AA-8699-1502AF2F1A91}.Debug|ARM64.Build.0 = Debug|ARM64
		{902ED382-5E7E-43AA-8699-1502AF2F1A91}.Debug|ARM64.Deploy.0 = Debug|ARM64
		{902ED382-5E7E-43AA-8699-1502AF2F1A91}.Debug|x64.ActiveCfg = Debug|x64
		{902ED382-5E7E-43AA-8699-1502AF2F1A91}.Debug|x64.Build.0 = Debug|x64
		{902ED382-5E7E-43AA-8699-1502AF2F1A91}.Debug|x64.Deploy.0 = Debug|x64
		{902ED382-5E7E-43AA-8699-1502AF2F1A91}.Debug|x86.ActiveCfg = Debug|x86
		{902ED382-5E7E-43AA-8699-1502AF2F1A91}.Debug|x86.Build.0 = Debug|x86
		{902ED382-5E7E-43AA-8699-1502AF2F1A91}.Debug|x86.Deploy.0 = Debug|x86
		{902ED382-5E7E-43AA-8699-1502AF2F1A91}.Release|Any CPU.ActiveCfg = Release|x86
		{902ED382-5E7E-43AA-8699-1502AF2F1A91}.Release|ARM.ActiveCfg = Release|ARM
		{902ED382-5E7E-43AA-8699-1502AF2F1A91}.Release|ARM.Build.0 = Release|ARM
		{902ED382-5E7E-43AA-8699-1502AF2F1A91}.Release|ARM.Deploy.0 = Release|ARM
		{902ED382-5E7E-43AA-8699-1502AF2F1A91}.Release|ARM64.ActiveCfg = Release|ARM64
		{902ED382-5E7E-43AA-8699-1502AF2F1A91}.Release|ARM64.Build.0 = Release|ARM64
		{902ED382-5E7E-43AA-8699-1502AF2F1A91}.Release|ARM64.Deploy.0 = Release|ARM64
		{902ED382-5E7E-43AA-8699-1502AF2F1A91}.Release|x64.ActiveCfg = Release|x64
		{902ED382-5E7E-43AA-8699-1502AF2F1A91}.Release|x64.Build.0 = Release|x64
		{902ED382-5E7E-43AA-8699-1502AF2F1A91}.Release|x64.Deploy.0 = Release|x64
		{902ED382-5E7E-43AA-8699-1502AF2F1A91}.Release|x86.ActiveCfg = Release|x86
		{902ED382-5E7E-43AA-8699-1502AF2F1A91}.Release|x86.Build.0 = Release|x86
		{902ED382-5E7E-43AA-8699-1502AF2F1A91}.Release|x86.Deploy.0 = Release|x86
		{45705AB0-40A7-43D0-B152-E1B9FBF11B47}.Debug|Any CPU.ActiveCfg = Debug|Any CPU
		{45705AB0-40A7-43D0-B152-E1B9FBF11B47}.Debug|Any CPU.Build.0 = Debug|Any CPU
		{45705AB0-40A7-43D0-B152-E1B9FBF11B47}.Debug|ARM.ActiveCfg = Debug|Any CPU
		{45705AB0-40A7-43D0-B152-E1B9FBF11B47}.Debug|ARM.Build.0 = Debug|Any CPU
		{45705AB0-40A7-43D0-B152-E1B9FBF11B47}.Debug|ARM64.ActiveCfg = Debug|Any CPU
		{45705AB0-40A7-43D0-B152-E1B9FBF11B47}.Debug|ARM64.Build.0 = Debug|Any CPU
		{45705AB0-40A7-43D0-B152-E1B9FBF11B47}.Debug|x64.ActiveCfg = Debug|Any CPU
		{45705AB0-40A7-43D0-B152-E1B9FBF11B47}.Debug|x64.Build.0 = Debug|Any CPU
		{45705AB0-40A7-43D0-B152-E1B9FBF11B47}.Debug|x86.ActiveCfg = Debug|Any CPU
		{45705AB0-40A7-43D0-B152-E1B9FBF11B47}.Debug|x86.Build.0 = Debug|Any CPU
		{45705AB0-40A7-43D0-B152-E1B9FBF11B47}.Release|Any CPU.ActiveCfg = Release|Any CPU
		{45705AB0-40A7-43D0-B152-E1B9FBF11B47}.Release|Any CPU.Build.0 = Release|Any CPU
		{45705AB0-40A7-43D0-B152-E1B9FBF11B47}.Release|ARM.ActiveCfg = Release|Any CPU
		{45705AB0-40A7-43D0-B152-E1B9FBF11B47}.Release|ARM.Build.0 = Release|Any CPU
		{45705AB0-40A7-43D0-B152-E1B9FBF11B47}.Release|ARM64.ActiveCfg = Release|Any CPU
		{45705AB0-40A7-43D0-B152-E1B9FBF11B47}.Release|ARM64.Build.0 = Release|Any CPU
		{45705AB0-40A7-43D0-B152-E1B9FBF11B47}.Release|x64.ActiveCfg = Release|Any CPU
		{45705AB0-40A7-43D0-B152-E1B9FBF11B47}.Release|x64.Build.0 = Release|Any CPU
		{45705AB0-40A7-43D0-B152-E1B9FBF11B47}.Release|x86.ActiveCfg = Release|Any CPU
		{45705AB0-40A7-43D0-B152-E1B9FBF11B47}.Release|x86.Build.0 = Release|Any CPU
	EndGlobalSection
	GlobalSection(SolutionProperties) = preSolution
		HideSolutionNode = FALSE
	EndGlobalSection
	GlobalSection(ExtensibilityGlobals) = postSolution
		SolutionGuid = {53B55FB4-ABF7-4761-BC0E-502A8076F012}
	EndGlobalSection
EndGlobal
